// !$*UTF8*$!
{
	archiveVersion = 1;
	classes = {
	};
	objectVersion = 48;
	objects = {

/* Begin PBXBuildFile section */
		4AAC5E7020B530AB0051EDA8 /* AppDelegate.swift in Sources */ = {isa = PBXBuildFile; fileRef = 4AAC5E6F20B530AB0051EDA8 /* AppDelegate.swift */; };
		4AAC5E7220B530AB0051EDA8 /* ViewController.swift in Sources */ = {isa = PBXBuildFile; fileRef = 4AAC5E7120B530AB0051EDA8 /* ViewController.swift */; };
		4AAC5E7520B530AB0051EDA8 /* Main.storyboard in Resources */ = {isa = PBXBuildFile; fileRef = 4AAC5E7320B530AB0051EDA8 /* Main.storyboard */; };
		4AAC5E7720B530AB0051EDA8 /* Assets.xcassets in Resources */ = {isa = PBXBuildFile; fileRef = 4AAC5E7620B530AB0051EDA8 /* Assets.xcassets */; };
		4AAC5E7A20B530AB0051EDA8 /* LaunchScreen.storyboard in Resources */ = {isa = PBXBuildFile; fileRef = 4AAC5E7820B530AB0051EDA8 /* LaunchScreen.storyboard */; };
		4AAC5E8520B530AB0051EDA8 /* SymphonyAssignment1Tests.swift in Sources */ = {isa = PBXBuildFile; fileRef = 4AAC5E8420B530AB0051EDA8 /* SymphonyAssignment1Tests.swift */; };
		4AAC5E9020B530AB0051EDA8 /* SymphonyAssignment1UITests.swift in Sources */ = {isa = PBXBuildFile; fileRef = 4AAC5E8F20B530AB0051EDA8 /* SymphonyAssignment1UITests.swift */; };
/* End PBXBuildFile section */

/* Begin PBXContainerItemProxy section */
		4AAC5E8120B530AB0051EDA8 /* PBXContainerItemProxy */ = {
			isa = PBXContainerItemProxy;
			containerPortal = 4AAC5E6420B530AB0051EDA8 /* Project object */;
			proxyType = 1;
			remoteGlobalIDString = 4AAC5E6B20B530AB0051EDA8;
			remoteInfo = SymphonyAssignment1;
		};
		4AAC5E8C20B530AB0051EDA8 /* PBXContainerItemProxy */ = {
			isa = PBXContainerItemProxy;
			containerPortal = 4AAC5E6420B530AB0051EDA8 /* Project object */;
			proxyType = 1;
			remoteGlobalIDString = 4AAC5E6B20B530AB0051EDA8;
			remoteInfo = SymphonyAssignment1;
		};
/* End PBXContainerItemProxy section */

/* Begin PBXFileReference section */
		4AAC5E6C20B530AB0051EDA8 /* SymphonyAssignment1.app */ = {isa = PBXFileReference; explicitFileType = wrapper.application; includeInIndex = 0; path = SymphonyAssignment1.app; sourceTree = BUILT_PRODUCTS_DIR; };
		4AAC5E6F20B530AB0051EDA8 /* AppDelegate.swift */ = {isa = PBXFileReference; lastKnownFileType = sourcecode.swift; path = AppDelegate.swift; sourceTree = "<group>"; };
		4AAC5E7120B530AB0051EDA8 /* ViewController.swift */ = {isa = PBXFileReference; lastKnownFileType = sourcecode.swift; path = ViewController.swift; sourceTree = "<group>"; };
		4AAC5E7420B530AB0051EDA8 /* Base */ = {isa = PBXFileReference; lastKnownFileType = file.storyboard; name = Base; path = Base.lproj/Main.storyboard; sourceTree = "<group>"; };
		4AAC5E7620B530AB0051EDA8 /* Assets.xcassets */ = {isa = PBXFileReference; lastKnownFileType = folder.assetcatalog; path = Assets.xcassets; sourceTree = "<group>"; };
		4AAC5E7920B530AB0051EDA8 /* Base */ = {isa = PBXFileReference; lastKnownFileType = file.storyboard; name = Base; path = Base.lproj/LaunchScreen.storyboard; sourceTree = "<group>"; };
		4AAC5E7B20B530AB0051EDA8 /* Info.plist */ = {isa = PBXFileReference; lastKnownFileType = text.plist.xml; path = Info.plist; sourceTree = "<group>"; };
		4AAC5E8020B530AB0051EDA8 /* SymphonyAssignment1Tests.xctest */ = {isa = PBXFileReference; explicitFileType = wrapper.cfbundle; includeInIndex = 0; path = SymphonyAssignment1Tests.xctest; sourceTree = BUILT_PRODUCTS_DIR; };
		4AAC5E8420B530AB0051EDA8 /* SymphonyAssignment1Tests.swift */ = {isa = PBXFileReference; lastKnownFileType = sourcecode.swift; path = SymphonyAssignment1Tests.swift; sourceTree = "<group>"; };
		4AAC5E8620B530AB0051EDA8 /* Info.plist */ = {isa = PBXFileReference; lastKnownFileType = text.plist.xml; path = Info.plist; sourceTree = "<group>"; };
		4AAC5E8B20B530AB0051EDA8 /* SymphonyAssignment1UITests.xctest */ = {isa = PBXFileReference; explicitFileType = wrapper.cfbundle; includeInIndex = 0; path = SymphonyAssignment1UITests.xctest; sourceTree = BUILT_PRODUCTS_DIR; };
		4AAC5E8F20B530AB0051EDA8 /* SymphonyAssignment1UITests.swift */ = {isa = PBXFileReference; lastKnownFileType = sourcecode.swift; path = SymphonyAssignment1UITests.swift; sourceTree = "<group>"; };
		4AAC5E9120B530AB0051EDA8 /* Info.plist */ = {isa = PBXFileReference; lastKnownFileType = text.plist.xml; path = Info.plist; sourceTree = "<group>"; };
/* End PBXFileReference section */

/* Begin PBXFrameworksBuildPhase section */
		4AAC5E6920B530AB0051EDA8 /* Frameworks */ = {
			isa = PBXFrameworksBuildPhase;
			buildActionMask = 2147483647;
			files = (
			);
			runOnlyForDeploymentPostprocessing = 0;
		};
		4AAC5E7D20B530AB0051EDA8 /* Frameworks */ = {
			isa = PBXFrameworksBuildPhase;
			buildActionMask = 2147483647;
			files = (
			);
			runOnlyForDeploymentPostprocessing = 0;
		};
		4AAC5E8820B530AB0051EDA8 /* Frameworks */ = {
			isa = PBXFrameworksBuildPhase;
			buildActionMask = 2147483647;
			files = (
			);
			runOnlyForDeploymentPostprocessing = 0;
		};
/* End PBXFrameworksBuildPhase section */

/* Begin PBXGroup section */
		4AAC5E6320B530AB0051EDA8 = {
			isa = PBXGroup;
			children = (
				4AAC5E6E20B530AB0051EDA8 /* SymphonyAssignment1 */,
				4AAC5E8320B530AB0051EDA8 /* SymphonyAssignment1Tests */,
				4AAC5E8E20B530AB0051EDA8 /* SymphonyAssignment1UITests */,
				4AAC5E6D20B530AB0051EDA8 /* Products */,
			);
			sourceTree = "<group>";
		};
		4AAC5E6D20B530AB0051EDA8 /* Products */ = {
			isa = PBXGroup;
			children = (
				4AAC5E6C20B530AB0051EDA8 /* SymphonyAssignment1.app */,
				4AAC5E8020B530AB0051EDA8 /* SymphonyAssignment1Tests.xctest */,
				4AAC5E8B20B530AB0051EDA8 /* SymphonyAssignment1UITests.xctest */,
			);
			name = Products;
			sourceTree = "<group>";
		};
		4AAC5E6E20B530AB0051EDA8 /* SymphonyAssignment1 */ = {
			isa = PBXGroup;
			children = (
				4AAC5E6F20B530AB0051EDA8 /* AppDelegate.swift */,
				4AAC5E7120B530AB0051EDA8 /* ViewController.swift */,
				4AAC5E7320B530AB0051EDA8 /* Main.storyboard */,
				4AAC5E7620B530AB0051EDA8 /* Assets.xcassets */,
				4AAC5E7820B530AB0051EDA8 /* LaunchScreen.storyboard */,
				4AAC5E7B20B530AB0051EDA8 /* Info.plist */,
			);
			path = SymphonyAssignment1;
			sourceTree = "<group>";
		};
		4AAC5E8320B530AB0051EDA8 /* SymphonyAssignment1Tests */ = {
			isa = PBXGroup;
			children = (
				4AAC5E8420B530AB0051EDA8 /* SymphonyAssignment1Tests.swift */,
				4AAC5E8620B530AB0051EDA8 /* Info.plist */,
			);
			path = SymphonyAssignment1Tests;
			sourceTree = "<group>";
		};
		4AAC5E8E20B530AB0051EDA8 /* SymphonyAssignment1UITests */ = {
			isa = PBXGroup;
			children = (
				4AAC5E8F20B530AB0051EDA8 /* SymphonyAssignment1UITests.swift */,
				4AAC5E9120B530AB0051EDA8 /* Info.plist */,
			);
			path = SymphonyAssignment1UITests;
			sourceTree = "<group>";
		};
/* End PBXGroup section */

/* Begin PBXNativeTarget section */
		4AAC5E6B20B530AB0051EDA8 /* SymphonyAssignment1 */ = {
			isa = PBXNativeTarget;
			buildConfigurationList = 4AAC5E9420B530AB0051EDA8 /* Build configuration list for PBXNativeTarget "SymphonyAssignment1" */;
			buildPhases = (
				4AAC5E6820B530AB0051EDA8 /* Sources */,
				4AAC5E6920B530AB0051EDA8 /* Frameworks */,
				4AAC5E6A20B530AB0051EDA8 /* Resources */,
			);
			buildRules = (
			);
			dependencies = (
			);
			name = SymphonyAssignment1;
			productName = SymphonyAssignment1;
			productReference = 4AAC5E6C20B530AB0051EDA8 /* SymphonyAssignment1.app */;
			productType = "com.apple.product-type.application";
		};
		4AAC5E7F20B530AB0051EDA8 /* SymphonyAssignment1Tests */ = {
			isa = PBXNativeTarget;
			buildConfigurationList = 4AAC5E9720B530AB0051EDA8 /* Build configuration list for PBXNativeTarget "SymphonyAssignment1Tests" */;
			buildPhases = (
				4AAC5E7C20B530AB0051EDA8 /* Sources */,
				4AAC5E7D20B530AB0051EDA8 /* Frameworks */,
				4AAC5E7E20B530AB0051EDA8 /* Resources */,
			);
			buildRules = (
			);
			dependencies = (
				4AAC5E8220B530AB0051EDA8 /* PBXTargetDependency */,
			);
			name = SymphonyAssignment1Tests;
			productName = SymphonyAssignment1Tests;
			productReference = 4AAC5E8020B530AB0051EDA8 /* SymphonyAssignment1Tests.xctest */;
			productType = "com.apple.product-type.bundle.unit-test";
		};
		4AAC5E8A20B530AB0051EDA8 /* SymphonyAssignment1UITests */ = {
			isa = PBXNativeTarget;
			buildConfigurationList = 4AAC5E9A20B530AB0051EDA8 /* Build configuration list for PBXNativeTarget "SymphonyAssignment1UITests" */;
			buildPhases = (
				4AAC5E8720B530AB0051EDA8 /* Sources */,
				4AAC5E8820B530AB0051EDA8 /* Frameworks */,
				4AAC5E8920B530AB0051EDA8 /* Resources */,
			);
			buildRules = (
			);
			dependencies = (
				4AAC5E8D20B530AB0051EDA8 /* PBXTargetDependency */,
			);
			name = SymphonyAssignment1UITests;
			productName = SymphonyAssignment1UITests;
			productReference = 4AAC5E8B20B530AB0051EDA8 /* SymphonyAssignment1UITests.xctest */;
			productType = "com.apple.product-type.bundle.ui-testing";
		};
/* End PBXNativeTarget section */

/* Begin PBXProject section */
		4AAC5E6420B530AB0051EDA8 /* Project object */ = {
			isa = PBXProject;
			attributes = {
				LastSwiftUpdateCheck = 0920;
				LastUpgradeCheck = 0920;
				ORGANIZATIONNAME = "Crampsalot LLC";
				TargetAttributes = {
					4AAC5E6B20B530AB0051EDA8 = {
						CreatedOnToolsVersion = 9.2;
						ProvisioningStyle = Automatic;
					};
					4AAC5E7F20B530AB0051EDA8 = {
						CreatedOnToolsVersion = 9.2;
						ProvisioningStyle = Automatic;
						TestTargetID = 4AAC5E6B20B530AB0051EDA8;
					};
					4AAC5E8A20B530AB0051EDA8 = {
						CreatedOnToolsVersion = 9.2;
						ProvisioningStyle = Automatic;
						TestTargetID = 4AAC5E6B20B530AB0051EDA8;
					};
				};
			};
			buildConfigurationList = 4AAC5E6720B530AB0051EDA8 /* Build configuration list for PBXProject "SymphonyAssignment1" */;
			compatibilityVersion = "Xcode 8.0";
			developmentRegion = en;
			hasScannedForEncodings = 0;
			knownRegions = (
				en,
				Base,
			);
			mainGroup = 4AAC5E6320B530AB0051EDA8;
			productRefGroup = 4AAC5E6D20B530AB0051EDA8 /* Products */;
			projectDirPath = "";
			projectRoot = "";
			targets = (
				4AAC5E6B20B530AB0051EDA8 /* SymphonyAssignment1 */,
				4AAC5E7F20B530AB0051EDA8 /* SymphonyAssignment1Tests */,
				4AAC5E8A20B530AB0051EDA8 /* SymphonyAssignment1UITests */,
			);
		};
/* End PBXProject section */

/* Begin PBXResourcesBuildPhase section */
		4AAC5E6A20B530AB0051EDA8 /* Resources */ = {
			isa = PBXResourcesBuildPhase;
			buildActionMask = 2147483647;
			files = (
				4AAC5E7A20B530AB0051EDA8 /* LaunchScreen.storyboard in Resources */,
				4AAC5E7720B530AB0051EDA8 /* Assets.xcassets in Resources */,
				4AAC5E7520B530AB0051EDA8 /* Main.storyboard in Resources */,
			);
			runOnlyForDeploymentPostprocessing = 0;
		};
		4AAC5E7E20B530AB0051EDA8 /* Resources */ = {
			isa = PBXResourcesBuildPhase;
			buildActionMask = 2147483647;
			files = (
			);
			runOnlyForDeploymentPostprocessing = 0;
		};
		4AAC5E8920B530AB0051EDA8 /* Resources */ = {
			isa = PBXResourcesBuildPhase;
			buildActionMask = 2147483647;
			files = (
			);
			runOnlyForDeploymentPostprocessing = 0;
		};
/* End PBXResourcesBuildPhase section */

/* Begin PBXSourcesBuildPhase section */
		4AAC5E6820B530AB0051EDA8 /* Sources */ = {
			isa = PBXSourcesBuildPhase;
			buildActionMask = 2147483647;
			files = (
				4AAC5E7220B530AB0051EDA8 /* ViewController.swift in Sources */,
				4AAC5E7020B530AB0051EDA8 /* AppDelegate.swift in Sources */,
			);
			runOnlyForDeploymentPostprocessing = 0;
		};
		4AAC5E7C20B530AB0051EDA8 /* Sources */ = {
			isa = PBXSourcesBuildPhase;
			buildActionMask = 2147483647;
			files = (
				4AAC5E8520B530AB0051EDA8 /* SymphonyAssignment1Tests.swift in Sources */,
			);
			runOnlyForDeploymentPostprocessing = 0;
		};
		4AAC5E8720B530AB0051EDA8 /* Sources */ = {
			isa = PBXSourcesBuildPhase;
			buildActionMask = 2147483647;
			files = (
				4AAC5E9020B530AB0051EDA8 /* SymphonyAssignment1UITests.swift in Sources */,
			);
			runOnlyForDeploymentPostprocessing = 0;
		};
/* End PBXSourcesBuildPhase section */

/* Begin PBXTargetDependency section */
		4AAC5E8220B530AB0051EDA8 /* PBXTargetDependency */ = {
			isa = PBXTargetDependency;
			target = 4AAC5E6B20B530AB0051EDA8 /* SymphonyAssignment1 */;
			targetProxy = 4AAC5E8120B530AB0051EDA8 /* PBXContainerItemProxy */;
		};
		4AAC5E8D20B530AB0051EDA8 /* PBXTargetDependency */ = {
			isa = PBXTargetDependency;
			target = 4AAC5E6B20B530AB0051EDA8 /* SymphonyAssignment1 */;
			targetProxy = 4AAC5E8C20B530AB0051EDA8 /* PBXContainerItemProxy */;
		};
/* End PBXTargetDependency section */

/* Begin PBXVariantGroup section */
		4AAC5E7320B530AB0051EDA8 /* Main.storyboard */ = {
			isa = PBXVariantGroup;
			children = (
				4AAC5E7420B530AB0051EDA8 /* Base */,
			);
			name = Main.storyboard;
			sourceTree = "<group>";
		};
		4AAC5E7820B530AB0051EDA8 /* LaunchScreen.storyboard */ = {
			isa = PBXVariantGroup;
			children = (
				4AAC5E7920B530AB0051EDA8 /* Base */,
			);
			name = LaunchScreen.storyboard;
			sourceTree = "<group>";
		};
/* End PBXVariantGroup section */

/* Begin XCBuildConfiguration section */
		4AAC5E9220B530AB0051EDA8 /* Debug */ = {
			isa = XCBuildConfiguration;
			buildSettings = {
				ALWAYS_SEARCH_USER_PATHS = NO;
				CLANG_ANALYZER_NONNULL = YES;
				CLANG_ANALYZER_NUMBER_OBJECT_CONVERSION = YES_AGGRESSIVE;
				CLANG_CXX_LANGUAGE_STANDARD = "gnu++14";
				CLANG_CXX_LIBRARY = "libc++";
				CLANG_ENABLE_MODULES = YES;
				CLANG_ENABLE_OBJC_ARC = YES;
				CLANG_WARN_BLOCK_CAPTURE_AUTORELEASING = YES;
				CLANG_WARN_BOOL_CONVERSION = YES;
				CLANG_WARN_COMMA = YES;
				CLANG_WARN_CONSTANT_CONVERSION = YES;
				CLANG_WARN_DIRECT_OBJC_ISA_USAGE = YES_ERROR;
				CLANG_WARN_DOCUMENTATION_COMMENTS = YES;
				CLANG_WARN_EMPTY_BODY = YES;
				CLANG_WARN_ENUM_CONVERSION = YES;
				CLANG_WARN_INFINITE_RECURSION = YES;
				CLANG_WARN_INT_CONVERSION = YES;
				CLANG_WARN_NON_LITERAL_NULL_CONVERSION = YES;
				CLANG_WARN_OBJC_LITERAL_CONVERSION = YES;
				CLANG_WARN_OBJC_ROOT_CLASS = YES_ERROR;
				CLANG_WARN_RANGE_LOOP_ANALYSIS = YES;
				CLANG_WARN_STRICT_PROTOTYPES = YES;
				CLANG_WARN_SUSPICIOUS_MOVE = YES;
				CLANG_WARN_UNGUARDED_AVAILABILITY = YES_AGGRESSIVE;
				CLANG_WARN_UNREACHABLE_CODE = YES;
				CLANG_WARN__DUPLICATE_METHOD_MATCH = YES;
				CODE_SIGN_IDENTITY = "iPhone Developer";
				COPY_PHASE_STRIP = NO;
				DEBUG_INFORMATION_FORMAT = dwarf;
				ENABLE_STRICT_OBJC_MSGSEND = YES;
				ENABLE_TESTABILITY = YES;
				GCC_C_LANGUAGE_STANDARD = gnu11;
				GCC_DYNAMIC_NO_PIC = NO;
				GCC_NO_COMMON_BLOCKS = YES;
				GCC_OPTIMIZATION_LEVEL = 0;
				GCC_PREPROCESSOR_DEFINITIONS = (
					"DEBUG=1",
					"$(inherited)",
				);
				GCC_WARN_64_TO_32_BIT_CONVERSION = YES;
				GCC_WARN_ABOUT_RETURN_TYPE = YES_ERROR;
				GCC_WARN_UNDECLARED_SELECTOR = YES;
				GCC_WARN_UNINITIALIZED_AUTOS = YES_AGGRESSIVE;
				GCC_WARN_UNUSED_FUNCTION = YES;
				GCC_WARN_UNUSED_VARIABLE = YES;
				IPHONEOS_DEPLOYMENT_TARGET = 11.2;
				MTL_ENABLE_DEBUG_INFO = YES;
				ONLY_ACTIVE_ARCH = YES;
				SDKROOT = iphoneos;
				SWIFT_ACTIVE_COMPILATION_CONDITIONS = DEBUG;
				SWIFT_OPTIMIZATION_LEVEL = "-Onone";
			};
			name = Debug;
		};
		4AAC5E9320B530AB0051EDA8 /* Release */ = {
			isa = XCBuildConfiguration;
			buildSettings = {
				ALWAYS_SEARCH_USER_PATHS = NO;
				CLANG_ANALYZER_NONNULL = YES;
				CLANG_ANALYZER_NUMBER_OBJECT_CONVERSION = YES_AGGRESSIVE;
				CLANG_CXX_LANGUAGE_STANDARD = "gnu++14";
				CLANG_CXX_LIBRARY = "libc++";
				CLANG_ENABLE_MODULES = YES;
				CLANG_ENABLE_OBJC_ARC = YES;
				CLANG_WARN_BLOCK_CAPTURE_AUTORELEASING = YES;
				CLANG_WARN_BOOL_CONVERSION = YES;
				CLANG_WARN_COMMA = YES;
				CLANG_WARN_CONSTANT_CONVERSION = YES;
				CLANG_WARN_DIRECT_OBJC_ISA_USAGE = YES_ERROR;
				CLANG_WARN_DOCUMENTATION_COMMENTS = YES;
				CLANG_WARN_EMPTY_BODY = YES;
				CLANG_WARN_ENUM_CONVERSION = YES;
				CLANG_WARN_INFINITE_RECURSION = YES;
				CLANG_WARN_INT_CONVERSION = YES;
				CLANG_WARN_NON_LITERAL_NULL_CONVERSION = YES;
				CLANG_WARN_OBJC_LITERAL_CONVERSION = YES;
				CLANG_WARN_OBJC_ROOT_CLASS = YES_ERROR;
				CLANG_WARN_RANGE_LOOP_ANALYSIS = YES;
				CLANG_WARN_STRICT_PROTOTYPES = YES;
				CLANG_WARN_SUSPICIOUS_MOVE = YES;
				CLANG_WARN_UNGUARDED_AVAILABILITY = YES_AGGRESSIVE;
				CLANG_WARN_UNREACHABLE_CODE = YES;
				CLANG_WARN__DUPLICATE_METHOD_MATCH = YES;
				CODE_SIGN_IDENTITY = "iPhone Developer";
				COPY_PHASE_STRIP = NO;
				DEBUG_INFORMATION_FORMAT = "dwarf-with-dsym";
				ENABLE_NS_ASSERTIONS = NO;
				ENABLE_STRICT_OBJC_MSGSEND = YES;
				GCC_C_LANGUAGE_STANDARD = gnu11;
				GCC_NO_COMMON_BLOCKS = YES;
				GCC_WARN_64_TO_32_BIT_CONVERSION = YES;
				GCC_WARN_ABOUT_RETURN_TYPE = YES_ERROR;
				GCC_WARN_UNDECLARED_SELECTOR = YES;
				GCC_WARN_UNINITIALIZED_AUTOS = YES_AGGRESSIVE;
				GCC_WARN_UNUSED_FUNCTION = YES;
				GCC_WARN_UNUSED_VARIABLE = YES;
				IPHONEOS_DEPLOYMENT_TARGET = 11.2;
				MTL_ENABLE_DEBUG_INFO = NO;
				SDKROOT = iphoneos;
				SWIFT_OPTIMIZATION_LEVEL = "-Owholemodule";
				VALIDATE_PRODUCT = YES;
			};
			name = Release;
		};
		4AAC5E9520B530AB0051EDA8 /* Debug */ = {
			isa = XCBuildConfiguration;
			buildSettings = {
				ASSETCATALOG_COMPILER_APPICON_NAME = AppIcon;
				CODE_SIGN_STYLE = Automatic;
				DEVELOPMENT_TEAM = RTA2C3JNK3;
				INFOPLIST_FILE = SymphonyAssignment1/Info.plist;
				LD_RUNPATH_SEARCH_PATHS = "$(inherited) @executable_path/Frameworks";
				PRODUCT_BUNDLE_IDENTIFIER = com.crampsalot.SymphonyAssignment1;
				PRODUCT_NAME = "$(TARGET_NAME)";
				SWIFT_VERSION = 4.0;
				TARGETED_DEVICE_FAMILY = "1,2";
			};
			name = Debug;
		};
		4AAC5E9620B530AB0051EDA8 /* Release */ = {
			isa = XCBuildConfiguration;
			buildSettings = {
				ASSETCATALOG_COMPILER_APPICON_NAME = AppIcon;
				CODE_SIGN_STYLE = Automatic;
				DEVELOPMENT_TEAM = RTA2C3JNK3;
				INFOPLIST_FILE = SymphonyAssignment1/Info.plist;
				LD_RUNPATH_SEARCH_PATHS = "$(inherited) @executable_path/Frameworks";
				PRODUCT_BUNDLE_IDENTIFIER = com.crampsalot.SymphonyAssignment1;
				PRODUCT_NAME = "$(TARGET_NAME)";
				SWIFT_VERSION = 4.0;
				TARGETED_DEVICE_FAMILY = "1,2";
			};
			name = Release;
		};
		4AAC5E9820B530AB0051EDA8 /* Debug */ = {
			isa = XCBuildConfiguration;
			buildSettings = {
				ALWAYS_EMBED_SWIFT_STANDARD_LIBRARIES = YES;
				BUNDLE_LOADER = "$(TEST_HOST)";
				CODE_SIGN_STYLE = Automatic;
				DEVELOPMENT_TEAM = RTA2C3JNK3;
				INFOPLIST_FILE = SymphonyAssignment1Tests/Info.plist;
				LD_RUNPATH_SEARCH_PATHS = "$(inherited) @executable_path/Frameworks @loader_path/Frameworks";
				PRODUCT_BUNDLE_IDENTIFIER = com.crampsalot.SymphonyAssignment1Tests;
				PRODUCT_NAME = "$(TARGET_NAME)";
				SWIFT_VERSION = 4.0;
				TARGETED_DEVICE_FAMILY = "1,2";
				TEST_HOST = "$(BUILT_PRODUCTS_DIR)/SymphonyAssignment1.app/SymphonyAssignment1";
			};
			name = Debug;
		};
		4AAC5E9920B530AB0051EDA8 /* Release */ = {
			isa = XCBuildConfiguration;
			buildSettings = {
				ALWAYS_EMBED_SWIFT_STANDARD_LIBRARIES = YES;
				BUNDLE_LOADER = "$(TEST_HOST)";
				CODE_SIGN_STYLE = Automatic;
				DEVELOPMENT_TEAM = RTA2C3JNK3;
				INFOPLIST_FILE = SymphonyAssignment1Tests/Info.plist;
				LD_RUNPATH_SEARCH_PATHS = "$(inherited) @executable_path/Frameworks @loader_path/Frameworks";
				PRODUCT_BUNDLE_IDENTIFIER = com.crampsalot.SymphonyAssignment1Tests;
				PRODUCT_NAME = "$(TARGET_NAME)";
				SWIFT_VERSION = 4.0;
				TARGETED_DEVICE_FAMILY = "1,2";
				TEST_HOST = "$(BUILT_PRODUCTS_DIR)/SymphonyAssignment1.app/SymphonyAssignment1";
			};
			name = Release;
		};
		4AAC5E9B20B530AB0051EDA8 /* Debug */ = {
			isa = XCBuildConfiguration;
			buildSettings = {
				ALWAYS_EMBED_SWIFT_STANDARD_LIBRARIES = YES;
				CODE_SIGN_STYLE = Automatic;
				DEVELOPMENT_TEAM = RTA2C3JNK3;
				INFOPLIST_FILE = SymphonyAssignment1UITests/Info.plist;
				LD_RUNPATH_SEARCH_PATHS = "$(inherited) @executable_path/Frameworks @loader_path/Frameworks";
				PRODUCT_BUNDLE_IDENTIFIER = com.crampsalot.SymphonyAssignment1UITests;
				PRODUCT_NAME = "$(TARGET_NAME)";
				SWIFT_VERSION = 4.0;
				TARGETED_DEVICE_FAMILY = "1,2";
				TEST_TARGET_NAME = SymphonyAssignment1;
			};
			name = Debug;
		};
		4AAC5E9C20B530AB0051EDA8 /* Release */ = {
			isa = XCBuildConfiguration;
			buildSettings = {
				ALWAYS_EMBED_SWIFT_STANDARD_LIBRARIES = YES;
				CODE_SIGN_STYLE = Automatic;
				DEVELOPMENT_TEAM = RTA2C3JNK3;
				INFOPLIST_FILE = SymphonyAssignment1UITests/Info.plist;
				LD_RUNPATH_SEARCH_PATHS = "$(inherited) @executable_path/Frameworks @loader_path/Frameworks";
				PRODUCT_BUNDLE_IDENTIFIER = com.crampsalot.SymphonyAssignment1UITests;
				PRODUCT_NAME = "$(TARGET_NAME)";
				SWIFT_VERSION = 4.0;
				TARGETED_DEVICE_FAMILY = "1,2";
				TEST_TARGET_NAME = SymphonyAssignment1;
			};
			name = Release;
		};
/* End XCBuildConfiguration section */

/* Begin XCConfigurationList section */
		4AAC5E6720B530AB0051EDA8 /* Build configuration list for PBXProject "SymphonyAssignment1" */ = {
			isa = XCConfigurationList;
			buildConfigurations = (
				4AAC5E9220B530AB0051EDA8 /* Debug */,
				4AAC5E9320B530AB0051EDA8 /* Release */,
			);
			defaultConfigurationIsVisible = 0;
			defaultConfigurationName = Release;
		};
		4AAC5E9420B530AB0051EDA8 /* Build configuration list for PBXNativeTarget "SymphonyAssignment1" */ = {
			isa = XCConfigurationList;
			buildConfigurations = (
				4AAC5E9520B530AB0051EDA8 /* Debug */,
				4AAC5E9620B530AB0051EDA8 /* Release */,
			);
			defaultConfigurationIsVisible = 0;
			defaultConfigurationName = Release;
		};
		4AAC5E9720B530AB0051EDA8 /* Build configuration list for PBXNativeTarget "SymphonyAssignment1Tests" */ = {
			isa = XCConfigurationList;
			buildConfigurations = (
				4AAC5E9820B530AB0051EDA8 /* Debug */,
				4AAC5E9920B530AB0051EDA8 /* Release */,
			);
			defaultConfigurationIsVisible = 0;
			defaultConfigurationName = Release;
		};
		4AAC5E9A20B530AB0051EDA8 /* Build configuration list for PBXNativeTarget "SymphonyAssignment1UITests" */ = {
			isa = XCConfigurationList;
			buildConfigurations = (
				4AAC5E9B20B530AB0051EDA8 /* Debug */,
				4AAC5E9C20B530AB0051EDA8 /* Release */,
			);
			defaultConfigurationIsVisible = 0;
			defaultConfigurationName = Release;
		};
/* End XCConfigurationList section */
	};
	rootObject = 4AAC5E6420B530AB0051EDA8 /* Project object */;
}
